PODS:
  - FBSnapshotTestCase (2.1.4):
    - FBSnapshotTestCase/SwiftSupport (= 2.1.4)
  - FBSnapshotTestCase/Core (2.1.4)
  - FBSnapshotTestCase/SwiftSupport (2.1.4):
    - FBSnapshotTestCase/Core
  - MVDPlayerSDK (0.1.0)

DEPENDENCIES:
  - FBSnapshotTestCase
  - MVDPlayerSDK

SPEC REPOS:
  https://github.com/zsk511721487/BrainMedSpec.git:
    - MVDPlayerSDK
  trunk:
    - FBSnapshotTestCase

SPEC CHECKSUMS:
  FBSnapshotTestCase: 094f9f314decbabe373b87cc339bea235a63e07a
  MVDPlayerSDK: 29e3322d2d038ce0c1b388d32b3431eac7762ff1

PODFILE CHECKSUM: a393def2e8621ae53d52b77c59b44115f112d3be

COCOAPODS: 1.12.1
